
Microsoft Visual Studio Solution File, Format Version 12.00
# Visual Studio Version 17
VisualStudioVersion = 17.3.32901.215
MinimumVisualStudioVersion = 10.0.40219.1
Project("{9A19103F-16F7-4668-BE54-9A1E7A4F7556}") = "OpenAI", "ConsoleApp5\OpenAI.csproj", "{DF610B94-EF05-464D-B9B1-3BAE75EC5950}"
EndProject
Global
	GlobalSection(SolutionConfigurationPlatforms) = preSolution
		Debug|Any CPU = Debug|Any CPU
		Release|Any CPU = Release|Any CPU
	EndGlobalSection
	GlobalSection(ProjectConfigurationPlatforms) = postSolution
		{DF610B94-EF05-464D-B9B1-3BAE75EC5950}.Debug|Any CPU.ActiveCfg = Debug|Any CPU
		{DF610B94-EF05-464D-B9B1-3BAE75EC5950}.Debug|Any CPU.Build.0 = Debug|Any CPU
		{DF610B94-EF05-464D-B9B1-3BAE75EC5950}.Release|Any CPU.ActiveCfg = Release|Any CPU
		{DF610B94-EF05-464D-B9B1-3BAE75EC5950}.Release|Any CPU.Build.0 = Release|Any CPU
	EndGlobalSection
	GlobalSection(SolutionProperties) = preSolution
		HideSolutionNode = FALSE
	EndGlobalSection
	GlobalSection(ExtensibilityGlobals) = postSolution
		SolutionGuid = {17259302-0407-477D-9F57-96FC93F7BEE5}
	EndGlobalSection
EndGlobal
